// !$*UTF8*$!
{
	archiveVersion = 1;
	classes = {
	};
	objectVersion = 46;
	objects = {

/* Begin PBXBuildFile section */
		DF1F17701B690508005C8EE7 /* AppDelegate.swift in Sources */ = {isa = PBXBuildFile; fileRef = DF1F176F1B690508005C8EE7 /* AppDelegate.swift */; };
		DF1F17731B690508005C8EE7 /* VirtualTourist.xcdatamodeld in Sources */ = {isa = PBXBuildFile; fileRef = DF1F17711B690508005C8EE7 /* VirtualTourist.xcdatamodeld */; };
		DF1F17751B690508005C8EE7 /* MapViewController.swift in Sources */ = {isa = PBXBuildFile; fileRef = DF1F17741B690508005C8EE7 /* MapViewController.swift */; };
		DF1F17781B690508005C8EE7 /* Main.storyboard in Resources */ = {isa = PBXBuildFile; fileRef = DF1F17761B690508005C8EE7 /* Main.storyboard */; };
		DF1F177A1B690508005C8EE7 /* Images.xcassets in Resources */ = {isa = PBXBuildFile; fileRef = DF1F17791B690508005C8EE7 /* Images.xcassets */; };
		DF1F177D1B690508005C8EE7 /* LaunchScreen.xib in Resources */ = {isa = PBXBuildFile; fileRef = DF1F177B1B690508005C8EE7 /* LaunchScreen.xib */; };
		DF1F17891B690508005C8EE7 /* VirtualTouristTests.swift in Sources */ = {isa = PBXBuildFile; fileRef = DF1F17881B690508005C8EE7 /* VirtualTouristTests.swift */; };
		DF2A9F461B6CF2FB00F2423B /* ImageCollectionViewController.swift in Sources */ = {isa = PBXBuildFile; fileRef = DF2A9F451B6CF2FB00F2423B /* ImageCollectionViewController.swift */; };
		DFADDB6D1B77DC6C00395A5E /* FlickrClient.swift in Sources */ = {isa = PBXBuildFile; fileRef = DFADDB6C1B77DC6C00395A5E /* FlickrClient.swift */; };
		DFADDB6F1B77E08E00395A5E /* FlickrConstants.swift in Sources */ = {isa = PBXBuildFile; fileRef = DFADDB6E1B77E08E00395A5E /* FlickrConstants.swift */; };
		DFADDB711B77E62000395A5E /* FlickrImage.swift in Sources */ = {isa = PBXBuildFile; fileRef = DFADDB701B77E62000395A5E /* FlickrImage.swift */; };
		DFADDB731B77E77B00395A5E /* DemoSeeFlickrImageViewController.swift in Sources */ = {isa = PBXBuildFile; fileRef = DFADDB721B77E77B00395A5E /* DemoSeeFlickrImageViewController.swift */; };
/* End PBXBuildFile section */

/* Begin PBXContainerItemProxy section */
		DF1F17831B690508005C8EE7 /* PBXContainerItemProxy */ = {
			isa = PBXContainerItemProxy;
			containerPortal = DF1F17621B690508005C8EE7 /* Project object */;
			proxyType = 1;
			remoteGlobalIDString = DF1F17691B690508005C8EE7;
			remoteInfo = VirtualTourist;
		};
/* End PBXContainerItemProxy section */

/* Begin PBXFileReference section */
		DF1F176A1B690508005C8EE7 /* VirtualTourist.app */ = {isa = PBXFileReference; explicitFileType = wrapper.application; includeInIndex = 0; path = VirtualTourist.app; sourceTree = BUILT_PRODUCTS_DIR; };
		DF1F176E1B690508005C8EE7 /* Info.plist */ = {isa = PBXFileReference; lastKnownFileType = text.plist.xml; path = Info.plist; sourceTree = "<group>"; };
		DF1F176F1B690508005C8EE7 /* AppDelegate.swift */ = {isa = PBXFileReference; lastKnownFileType = sourcecode.swift; path = AppDelegate.swift; sourceTree = "<group>"; };
		DF1F17721B690508005C8EE7 /* VirtualTourist.xcdatamodel */ = {isa = PBXFileReference; lastKnownFileType = wrapper.xcdatamodel; path = VirtualTourist.xcdatamodel; sourceTree = "<group>"; };
		DF1F17741B690508005C8EE7 /* MapViewController.swift */ = {isa = PBXFileReference; lastKnownFileType = sourcecode.swift; path = MapViewController.swift; sourceTree = "<group>"; };
		DF1F17771B690508005C8EE7 /* Base */ = {isa = PBXFileReference; lastKnownFileType = file.storyboard; name = Base; path = Base.lproj/Main.storyboard; sourceTree = "<group>"; };
		DF1F17791B690508005C8EE7 /* Images.xcassets */ = {isa = PBXFileReference; lastKnownFileType = folder.assetcatalog; path = Images.xcassets; sourceTree = "<group>"; };
		DF1F177C1B690508005C8EE7 /* Base */ = {isa = PBXFileReference; lastKnownFileType = file.xib; name = Base; path = Base.lproj/LaunchScreen.xib; sourceTree = "<group>"; };
		DF1F17821B690508005C8EE7 /* VirtualTouristTests.xctest */ = {isa = PBXFileReference; explicitFileType = wrapper.cfbundle; includeInIndex = 0; path = VirtualTouristTests.xctest; sourceTree = BUILT_PRODUCTS_DIR; };
		DF1F17871B690508005C8EE7 /* Info.plist */ = {isa = PBXFileReference; lastKnownFileType = text.plist.xml; path = Info.plist; sourceTree = "<group>"; };
		DF1F17881B690508005C8EE7 /* VirtualTouristTests.swift */ = {isa = PBXFileReference; lastKnownFileType = sourcecode.swift; path = VirtualTouristTests.swift; sourceTree = "<group>"; };
		DF2A9F451B6CF2FB00F2423B /* ImageCollectionViewController.swift */ = {isa = PBXFileReference; fileEncoding = 4; lastKnownFileType = sourcecode.swift; path = ImageCollectionViewController.swift; sourceTree = "<group>"; };
		DFADDB6C1B77DC6C00395A5E /* FlickrClient.swift */ = {isa = PBXFileReference; fileEncoding = 4; lastKnownFileType = sourcecode.swift; path = FlickrClient.swift; sourceTree = "<group>"; };
		DFADDB6E1B77E08E00395A5E /* FlickrConstants.swift */ = {isa = PBXFileReference; fileEncoding = 4; lastKnownFileType = sourcecode.swift; path = FlickrConstants.swift; sourceTree = "<group>"; };
		DFADDB701B77E62000395A5E /* FlickrImage.swift */ = {isa = PBXFileReference; fileEncoding = 4; lastKnownFileType = sourcecode.swift; path = FlickrImage.swift; sourceTree = "<group>"; };
		DFADDB721B77E77B00395A5E /* DemoSeeFlickrImageViewController.swift */ = {isa = PBXFileReference; fileEncoding = 4; lastKnownFileType = sourcecode.swift; path = DemoSeeFlickrImageViewController.swift; sourceTree = "<group>"; };
/* End PBXFileReference section */

/* Begin PBXFrameworksBuildPhase section */
		DF1F17671B690508005C8EE7 /* Frameworks */ = {
			isa = PBXFrameworksBuildPhase;
			buildActionMask = 2147483647;
			files = (
			);
			runOnlyForDeploymentPostprocessing = 0;
		};
		DF1F177F1B690508005C8EE7 /* Frameworks */ = {
			isa = PBXFrameworksBuildPhase;
			buildActionMask = 2147483647;
			files = (
			);
			runOnlyForDeploymentPostprocessing = 0;
		};
/* End PBXFrameworksBuildPhase section */

/* Begin PBXGroup section */
		DF1F17611B690508005C8EE7 = {
			isa = PBXGroup;
			children = (
				DF1F176C1B690508005C8EE7 /* VirtualTourist */,
				DF1F17851B690508005C8EE7 /* VirtualTouristTests */,
				DF1F176B1B690508005C8EE7 /* Products */,
			);
			sourceTree = "<group>";
		};
		DF1F176B1B690508005C8EE7 /* Products */ = {
			isa = PBXGroup;
			children = (
				DF1F176A1B690508005C8EE7 /* VirtualTourist.app */,
				DF1F17821B690508005C8EE7 /* VirtualTouristTests.xctest */,
			);
			name = Products;
			sourceTree = "<group>";
		};
		DF1F176C1B690508005C8EE7 /* VirtualTourist */ = {
			isa = PBXGroup;
			children = (
				DFADDB691B77DBDD00395A5E /* Models */,
				DF1F176F1B690508005C8EE7 /* AppDelegate.swift */,
				DF1F17741B690508005C8EE7 /* MapViewController.swift */,
				DF1F17761B690508005C8EE7 /* Main.storyboard */,
				DF1F17791B690508005C8EE7 /* Images.xcassets */,
				DF1F177B1B690508005C8EE7 /* LaunchScreen.xib */,
				DF1F17711B690508005C8EE7 /* VirtualTourist.xcdatamodeld */,
				DF1F176D1B690508005C8EE7 /* Supporting Files */,
				DF2A9F451B6CF2FB00F2423B /* ImageCollectionViewController.swift */,
				DFADDB721B77E77B00395A5E /* DemoSeeFlickrImageViewController.swift */,
			);
			path = VirtualTourist;
			sourceTree = "<group>";
		};
		DF1F176D1B690508005C8EE7 /* Supporting Files */ = {
			isa = PBXGroup;
			children = (
				DF1F176E1B690508005C8EE7 /* Info.plist */,
			);
			name = "Supporting Files";
			sourceTree = "<group>";
		};
		DF1F17851B690508005C8EE7 /* VirtualTouristTests */ = {
			isa = PBXGroup;
			children = (
				DF1F17881B690508005C8EE7 /* VirtualTouristTests.swift */,
				DF1F17861B690508005C8EE7 /* Supporting Files */,
			);
			path = VirtualTouristTests;
			sourceTree = "<group>";
		};
		DF1F17861B690508005C8EE7 /* Supporting Files */ = {
			isa = PBXGroup;
			children = (
				DF1F17871B690508005C8EE7 /* Info.plist */,
			);
			name = "Supporting Files";
			sourceTree = "<group>";
		};
		DFADDB691B77DBDD00395A5E /* Models */ = {
			isa = PBXGroup;
			children = (
				DFADDB6E1B77E08E00395A5E /* FlickrConstants.swift */,
				DFADDB6C1B77DC6C00395A5E /* FlickrClient.swift */,
				DFADDB701B77E62000395A5E /* FlickrImage.swift */,
			);
			name = Models;
			sourceTree = "<group>";
		};
/* End PBXGroup section */

/* Begin PBXNativeTarget section */
		DF1F17691B690508005C8EE7 /* VirtualTourist */ = {
			isa = PBXNativeTarget;
			buildConfigurationList = DF1F178C1B690508005C8EE7 /* Build configuration list for PBXNativeTarget "VirtualTourist" */;
			buildPhases = (
				DF1F17661B690508005C8EE7 /* Sources */,
				DF1F17671B690508005C8EE7 /* Frameworks */,
				DF1F17681B690508005C8EE7 /* Resources */,
			);
			buildRules = (
			);
			dependencies = (
			);
			name = VirtualTourist;
			productName = VirtualTourist;
			productReference = DF1F176A1B690508005C8EE7 /* VirtualTourist.app */;
			productType = "com.apple.product-type.application";
		};
		DF1F17811B690508005C8EE7 /* VirtualTouristTests */ = {
			isa = PBXNativeTarget;
			buildConfigurationList = DF1F178F1B690508005C8EE7 /* Build configuration list for PBXNativeTarget "VirtualTouristTests" */;
			buildPhases = (
				DF1F177E1B690508005C8EE7 /* Sources */,
				DF1F177F1B690508005C8EE7 /* Frameworks */,
				DF1F17801B690508005C8EE7 /* Resources */,
			);
			buildRules = (
			);
			dependencies = (
				DF1F17841B690508005C8EE7 /* PBXTargetDependency */,
			);
			name = VirtualTouristTests;
			productName = VirtualTouristTests;
			productReference = DF1F17821B690508005C8EE7 /* VirtualTouristTests.xctest */;
			productType = "com.apple.product-type.bundle.unit-test";
		};
/* End PBXNativeTarget section */

/* Begin PBXProject section */
		DF1F17621B690508005C8EE7 /* Project object */ = {
			isa = PBXProject;
			attributes = {
				LastUpgradeCheck = 0640;
				ORGANIZATIONNAME = "Kelly Innes";
				TargetAttributes = {
					DF1F17691B690508005C8EE7 = {
						CreatedOnToolsVersion = 6.4;
					};
					DF1F17811B690508005C8EE7 = {
						CreatedOnToolsVersion = 6.4;
						TestTargetID = DF1F17691B690508005C8EE7;
					};
				};
			};
			buildConfigurationList = DF1F17651B690508005C8EE7 /* Build configuration list for PBXProject "VirtualTourist" */;
			compatibilityVersion = "Xcode 3.2";
			developmentRegion = English;
			hasScannedForEncodings = 0;
			knownRegions = (
				en,
				Base,
			);
			mainGroup = DF1F17611B690508005C8EE7;
			productRefGroup = DF1F176B1B690508005C8EE7 /* Products */;
			projectDirPath = "";
			projectRoot = "";
			targets = (
				DF1F17691B690508005C8EE7 /* VirtualTourist */,
				DF1F17811B690508005C8EE7 /* VirtualTouristTests */,
			);
		};
/* End PBXProject section */

/* Begin PBXResourcesBuildPhase section */
		DF1F17681B690508005C8EE7 /* Resources */ = {
			isa = PBXResourcesBuildPhase;
			buildActionMask = 2147483647;
			files = (
				DF1F17781B690508005C8EE7 /* Main.storyboard in Resources */,
				DF1F177D1B690508005C8EE7 /* LaunchScreen.xib in Resources */,
				DF1F177A1B690508005C8EE7 /* Images.xcassets in Resources */,
			);
			runOnlyForDeploymentPostprocessing = 0;
		};
		DF1F17801B690508005C8EE7 /* Resources */ = {
			isa = PBXResourcesBuildPhase;
			buildActionMask = 2147483647;
			files = (
			);
			runOnlyForDeploymentPostprocessing = 0;
		};
/* End PBXResourcesBuildPhase section */

/* Begin PBXSourcesBuildPhase section */
		DF1F17661B690508005C8EE7 /* Sources */ = {
			isa = PBXSourcesBuildPhase;
			buildActionMask = 2147483647;
			files = (
				DFADDB731B77E77B00395A5E /* DemoSeeFlickrImageViewController.swift in Sources */,
				DFADDB711B77E62000395A5E /* FlickrImage.swift in Sources */,
				DF2A9F461B6CF2FB00F2423B /* ImageCollectionViewController.swift in Sources */,
				DF1F17751B690508005C8EE7 /* MapViewController.swift in Sources */,
				DF1F17731B690508005C8EE7 /* VirtualTourist.xcdatamodeld in Sources */,
				DF1F17701B690508005C8EE7 /* AppDelegate.swift in Sources */,
				DFADDB6F1B77E08E00395A5E /* FlickrConstants.swift in Sources */,
				DFADDB6D1B77DC6C00395A5E /* FlickrClient.swift in Sources */,
			);
			runOnlyForDeploymentPostprocessing = 0;
		};
		DF1F177E1B690508005C8EE7 /* Sources */ = {
			isa = PBXSourcesBuildPhase;
			buildActionMask = 2147483647;
			files = (
				DF1F17891B690508005C8EE7 /* VirtualTouristTests.swift in Sources */,
			);
			runOnlyForDeploymentPostprocessing = 0;
		};
/* End PBXSourcesBuildPhase section */

/* Begin PBXTargetDependency section */
		DF1F17841B690508005C8EE7 /* PBXTargetDependency */ = {
			isa = PBXTargetDependency;
			target = DF1F17691B690508005C8EE7 /* VirtualTourist */;
			targetProxy = DF1F17831B690508005C8EE7 /* PBXContainerItemProxy */;
		};
/* End PBXTargetDependency section */

/* Begin PBXVariantGroup section */
		DF1F17761B690508005C8EE7 /* Main.storyboard */ = {
			isa = PBXVariantGroup;
			children = (
				DF1F17771B690508005C8EE7 /* Base */,
			);
			name = Main.storyboard;
			sourceTree = "<group>";
		};
		DF1F177B1B690508005C8EE7 /* LaunchScreen.xib */ = {
			isa = PBXVariantGroup;
			children = (
				DF1F177C1B690508005C8EE7 /* Base */,
			);
			name = LaunchScreen.xib;
			sourceTree = "<group>";
		};
/* End PBXVariantGroup section */

/* Begin XCBuildConfiguration section */
		DF1F178A1B690508005C8EE7 /* Debug */ = {
			isa = XCBuildConfiguration;
			buildSettings = {
				ALWAYS_SEARCH_USER_PATHS = NO;
				CLANG_CXX_LANGUAGE_STANDARD = "gnu++0x";
				CLANG_CXX_LIBRARY = "libc++";
				CLANG_ENABLE_MODULES = YES;
				CLANG_ENABLE_OBJC_ARC = YES;
				CLANG_WARN_BOOL_CONVERSION = YES;
				CLANG_WARN_CONSTANT_CONVERSION = YES;
				CLANG_WARN_DIRECT_OBJC_ISA_USAGE = YES_ERROR;
				CLANG_WARN_EMPTY_BODY = YES;
				CLANG_WARN_ENUM_CONVERSION = YES;
				CLANG_WARN_INT_CONVERSION = YES;
				CLANG_WARN_OBJC_ROOT_CLASS = YES_ERROR;
				CLANG_WARN_UNREACHABLE_CODE = YES;
				CLANG_WARN__DUPLICATE_METHOD_MATCH = YES;
				"CODE_SIGN_IDENTITY[sdk=iphoneos*]" = "iPhone Developer";
				COPY_PHASE_STRIP = NO;
				DEBUG_INFORMATION_FORMAT = "dwarf-with-dsym";
				ENABLE_STRICT_OBJC_MSGSEND = YES;
				GCC_C_LANGUAGE_STANDARD = gnu99;
				GCC_DYNAMIC_NO_PIC = NO;
				GCC_NO_COMMON_BLOCKS = YES;
				GCC_OPTIMIZATION_LEVEL = 0;
				GCC_PREPROCESSOR_DEFINITIONS = (
					"DEBUG=1",
					"$(inherited)",
				);
				GCC_SYMBOLS_PRIVATE_EXTERN = NO;
				GCC_WARN_64_TO_32_BIT_CONVERSION = YES;
				GCC_WARN_ABOUT_RETURN_TYPE = YES_ERROR;
				GCC_WARN_UNDECLARED_SELECTOR = YES;
				GCC_WARN_UNINITIALIZED_AUTOS = YES_AGGRESSIVE;
				GCC_WARN_UNUSED_FUNCTION = YES;
				GCC_WARN_UNUSED_VARIABLE = YES;
				IPHONEOS_DEPLOYMENT_TARGET = 8.4;
				MTL_ENABLE_DEBUG_INFO = YES;
				ONLY_ACTIVE_ARCH = YES;
				SDKROOT = iphoneos;
				SWIFT_OPTIMIZATION_LEVEL = "-Onone";
			};
			name = Debug;
		};
		DF1F178B1B690508005C8EE7 /* Release */ = {
			isa = XCBuildConfiguration;
			buildSettings = {
				ALWAYS_SEARCH_USER_PATHS = NO;
				CLANG_CXX_LANGUAGE_STANDARD = "gnu++0x";
				CLANG_CXX_LIBRARY = "libc++";
				CLANG_ENABLE_MODULES = YES;
				CLANG_ENABLE_OBJC_ARC = YES;
				CLANG_WARN_BOOL_CONVERSION = YES;
				CLANG_WARN_CONSTANT_CONVERSION = YES;
				CLANG_WARN_DIRECT_OBJC_ISA_USAGE = YES_ERROR;
				CLANG_WARN_EMPTY_BODY = YES;
				CLANG_WARN_ENUM_CONVERSION = YES;
				CLANG_WARN_INT_CONVERSION = YES;
				CLANG_WARN_OBJC_ROOT_CLASS = YES_ERROR;
				CLANG_WARN_UNREACHABLE_CODE = YES;
				CLANG_WARN__DUPLICATE_METHOD_MATCH = YES;
				"CODE_SIGN_IDENTITY[sdk=iphoneos*]" = "iPhone Developer";
				COPY_PHASE_STRIP = NO;
				DEBUG_INFORMATION_FORMAT = "dwarf-with-dsym";
				ENABLE_NS_ASSERTIONS = NO;
				ENABLE_STRICT_OBJC_MSGSEND = YES;
				GCC_C_LANGUAGE_STANDARD = gnu99;
				GCC_NO_COMMON_BLOCKS = YES;
				GCC_WARN_64_TO_32_BIT_CONVERSION = YES;
				GCC_WARN_ABOUT_RETURN_TYPE = YES_ERROR;
				GCC_WARN_UNDECLARED_SELECTOR = YES;
				GCC_WARN_UNINITIALIZED_AUTOS = YES_AGGRESSIVE;
				GCC_WARN_UNUSED_FUNCTION = YES;
				GCC_WARN_UNUSED_VARIABLE = YES;
				IPHONEOS_DEPLOYMENT_TARGET = 8.4;
				MTL_ENABLE_DEBUG_INFO = NO;
				SDKROOT = iphoneos;
				VALIDATE_PRODUCT = YES;
			};
			name = Release;
		};
		DF1F178D1B690508005C8EE7 /* Debug */ = {
			isa = XCBuildConfiguration;
			buildSettings = {
				ASSETCATALOG_COMPILER_APPICON_NAME = AppIcon;
				INFOPLIST_FILE = VirtualTourist/Info.plist;
				LD_RUNPATH_SEARCH_PATHS = "$(inherited) @executable_path/Frameworks";
				PRODUCT_NAME = "$(TARGET_NAME)";
			};
			name = Debug;
		};
		DF1F178E1B690508005C8EE7 /* Release */ = {
			isa = XCBuildConfiguration;
			buildSettings = {
				ASSETCATALOG_COMPILER_APPICON_NAME = AppIcon;
				INFOPLIST_FILE = VirtualTourist/Info.plist;
				LD_RUNPATH_SEARCH_PATHS = "$(inherited) @executable_path/Frameworks";
				PRODUCT_NAME = "$(TARGET_NAME)";
			};
			name = Release;
		};
		DF1F17901B690508005C8EE7 /* Debug */ = {
			isa = XCBuildConfiguration;
			buildSettings = {
				BUNDLE_LOADER = "$(TEST_HOST)";
				FRAMEWORK_SEARCH_PATHS = (
					"$(SDKROOT)/Developer/Library/Frameworks",
					"$(inherited)",
				);
				GCC_PREPROCESSOR_DEFINITIONS = (
					"DEBUG=1",
					"$(inherited)",
				);
				INFOPLIST_FILE = VirtualTouristTests/Info.plist;
				LD_RUNPATH_SEARCH_PATHS = "$(inherited) @executable_path/Frameworks @loader_path/Frameworks";
				PRODUCT_NAME = "$(TARGET_NAME)";
				TEST_HOST = "$(BUILT_PRODUCTS_DIR)/VirtualTourist.app/VirtualTourist";
			};
			name = Debug;
		};
		DF1F17911B690508005C8EE7 /* Release */ = {
			isa = XCBuildConfiguration;
			buildSettings = {
				BUNDLE_LOADER = "$(TEST_HOST)";
				FRAMEWORK_SEARCH_PATHS = (
					"$(SDKROOT)/Developer/Library/Frameworks",
					"$(inherited)",
				);
				INFOPLIST_FILE = VirtualTouristTests/Info.plist;
				LD_RUNPATH_SEARCH_PATHS = "$(inherited) @executable_path/Frameworks @loader_path/Frameworks";
				PRODUCT_NAME = "$(TARGET_NAME)";
				TEST_HOST = "$(BUILT_PRODUCTS_DIR)/VirtualTourist.app/VirtualTourist";
			};
			name = Release;
		};
/* End XCBuildConfiguration section */

/* Begin XCConfigurationList section */
		DF1F17651B690508005C8EE7 /* Build configuration list for PBXProject "VirtualTourist" */ = {
			isa = XCConfigurationList;
			buildConfigurations = (
				DF1F178A1B690508005C8EE7 /* Debug */,
				DF1F178B1B690508005C8EE7 /* Release */,
			);
			defaultConfigurationIsVisible = 0;
			defaultConfigurationName = Release;
		};
		DF1F178C1B690508005C8EE7 /* Build configuration list for PBXNativeTarget "VirtualTourist" */ = {
			isa = XCConfigurationList;
			buildConfigurations = (
				DF1F178D1B690508005C8EE7 /* Debug */,
				DF1F178E1B690508005C8EE7 /* Release */,
			);
			defaultConfigurationIsVisible = 0;
			defaultConfigurationName = Release;
		};
		DF1F178F1B690508005C8EE7 /* Build configuration list for PBXNativeTarget "VirtualTouristTests" */ = {
			isa = XCConfigurationList;
			buildConfigurations = (
				DF1F17901B690508005C8EE7 /* Debug */,
				DF1F17911B690508005C8EE7 /* Release */,
			);
			defaultConfigurationIsVisible = 0;
			defaultConfigurationName = Release;
		};
/* End XCConfigurationList section */

/* Begin XCVersionGroup section */
		DF1F17711B690508005C8EE7 /* VirtualTourist.xcdatamodeld */ = {
			isa = XCVersionGroup;
			children = (
				DF1F17721B690508005C8EE7 /* VirtualTourist.xcdatamodel */,
			);
			currentVersion = DF1F17721B690508005C8EE7 /* VirtualTourist.xcdatamodel */;
			path = VirtualTourist.xcdatamodeld;
			sourceTree = "<group>";
			versionGroupType = wrapper.xcdatamodel;
		};
/* End XCVersionGroup section */
	};
	rootObject = DF1F17621B690508005C8EE7 /* Project object */;
}
